
Microsoft Visual Studio Solution File, Format Version 12.00
# Visual Studio Version 16
VisualStudioVersion = 16.0.30225.117
MinimumVisualStudioVersion = 10.0.40219.1
Project("{FAE04EC0-301F-11D3-BF4B-00C04F79EFBC}") = "WebjetMovies", "WebjetMovies\WebjetMovies.csproj", "{EAEA89BB-D457-4E88-8AD7-0E4CD716DAC5}"
EndProject
Project("{FAE04EC0-301F-11D3-BF4B-00C04F79EFBC}") = "WebjetService.Tests", "WebjetService.Tests\WebjetService.Tests.csproj", "{417008A5-A7D1-4C28-A2D9-B98F824D3BB5}"
EndProject
Global
	GlobalSection(SolutionConfigurationPlatforms) = preSolution
		Debug|Any CPU = Debug|Any CPU
		Release|Any CPU = Release|Any CPU
	EndGlobalSection
	GlobalSection(ProjectConfigurationPlatforms) = postSolution
		{EAEA89BB-D457-4E88-8AD7-0E4CD716DAC5}.Debug|Any CPU.ActiveCfg = Debug|Any CPU
		{EAEA89BB-D457-4E88-8AD7-0E4CD716DAC5}.Debug|Any CPU.Build.0 = Debug|Any CPU
		{EAEA89BB-D457-4E88-8AD7-0E4CD716DAC5}.Release|Any CPU.ActiveCfg = Release|Any CPU
		{EAEA89BB-D457-4E88-8AD7-0E4CD716DAC5}.Release|Any CPU.Build.0 = Release|Any CPU
		{417008A5-A7D1-4C28-A2D9-B98F824D3BB5}.Debug|Any CPU.ActiveCfg = Debug|Any CPU
		{417008A5-A7D1-4C28-A2D9-B98F824D3BB5}.Debug|Any CPU.Build.0 = Debug|Any CPU
		{417008A5-A7D1-4C28-A2D9-B98F824D3BB5}.Release|Any CPU.ActiveCfg = Release|Any CPU
		{417008A5-A7D1-4C28-A2D9-B98F824D3BB5}.Release|Any CPU.Build.0 = Release|Any CPU
	EndGlobalSection
	GlobalSection(SolutionProperties) = preSolution
		HideSolutionNode = FALSE
	EndGlobalSection
	GlobalSection(ExtensibilityGlobals) = postSolution
		SolutionGuid = {FAD6C0B9-341B-42ED-B013-1CE51B55BE67}
	EndGlobalSection
EndGlobal
